
Microsoft Visual Studio Solution File, Format Version 9.00
# Visual Studio 2005
Project("{FAE04EC0-301F-11D3-BF4B-00C04F79EFBC}") = "WinFormsDemo", "..\WinForms Demo\WinFormsDemo.csproj", "{E2B37BE6-A8F1-455F-A96A-7B2BD736C6C9}"
EndProject
Project("{FAE04EC0-301F-11D3-BF4B-00C04F79EFBC}") = "JohnsHope.FPlot.Library", "..\JohnsHope.FPlot.Library\JohnsHope.FPlot.Library.csproj", "{BD66017E-09AD-4380-BE2F-F88D1B472F27}"
EndProject
Global
	GlobalSection(SolutionConfigurationPlatforms) = preSolution
		Debug|Any CPU = Debug|Any CPU
		Release|Any CPU = Release|Any CPU
	EndGlobalSection
	GlobalSection(ProjectConfigurationPlatforms) = postSolution
		{E2B37BE6-A8F1-455F-A96A-7B2BD736C6C9}.Debug|Any CPU.ActiveCfg = Debug|Any CPU
		{E2B37BE6-A8F1-455F-A96A-7B2BD736C6C9}.Debug|Any CPU.Build.0 = Debug|Any CPU
		{E2B37BE6-A8F1-455F-A96A-7B2BD736C6C9}.Release|Any CPU.ActiveCfg = Release|Any CPU
		{E2B37BE6-A8F1-455F-A96A-7B2BD736C6C9}.Release|Any CPU.Build.0 = Release|Any CPU
		{BD66017E-09AD-4380-BE2F-F88D1B472F27}.Debug|Any CPU.ActiveCfg = Debug|Any CPU
		{BD66017E-09AD-4380-BE2F-F88D1B472F27}.Debug|Any CPU.Build.0 = Debug|Any CPU
		{BD66017E-09AD-4380-BE2F-F88D1B472F27}.Release|Any CPU.ActiveCfg = Release|Any CPU
		{BD66017E-09AD-4380-BE2F-F88D1B472F27}.Release|Any CPU.Build.0 = Release|Any CPU
	EndGlobalSection
	GlobalSection(SolutionProperties) = preSolution
		HideSolutionNode = FALSE
	EndGlobalSection
EndGlobal
